
Microsoft Visual Studio Solution File, Format Version 12.00
# Visual Studio Version 17
VisualStudioVersion = 17.12.35707.178 d17.12
MinimumVisualStudioVersion = 10.0.40219.1
Project("{FAE04EC0-301F-11D3-BF4B-00C04F79EFBC}") = "E-Commerce-B-W2-Project", "E-Commerce-B-W2-Project\E-Commerce-B-W2-Project.csproj", "{04F8FE62-26BA-49DD-87B0-36A1FA304BC3}"
EndProject
Global
	GlobalSection(SolutionConfigurationPlatforms) = preSolution
		Debug|Any CPU = Debug|Any CPU
		Release|Any CPU = Release|Any CPU
	EndGlobalSection
	GlobalSection(ProjectConfigurationPlatforms) = postSolution
		{04F8FE62-26BA-49DD-87B0-36A1FA304BC3}.Debug|Any CPU.ActiveCfg = Debug|Any CPU
		{04F8FE62-26BA-49DD-87B0-36A1FA304BC3}.Debug|Any CPU.Build.0 = Debug|Any CPU
		{04F8FE62-26BA-49DD-87B0-36A1FA304BC3}.Release|Any CPU.ActiveCfg = Release|Any CPU
		{04F8FE62-26BA-49DD-87B0-36A1FA304BC3}.Release|Any CPU.Build.0 = Release|Any CPU
	EndGlobalSection
	GlobalSection(SolutionProperties) = preSolution
		HideSolutionNode = FALSE
	EndGlobalSection
EndGlobal
